{
  "nodes": {
    "nixpkgs": {
      "locked": {
        "lastModified": 1608122323,
        "narHash": "sha256-ivxC1U9pUMziQcyvVHAOGi/IwzJ896C6DKbkKLJysoo=",
        "owner": "NixOS",
        "repo": "nixpkgs",
        "rev": "00941cd747e9bc1c3326d1362dbc7e9cfe18cf53",
        "type": "github"
      },
      "original": {
        "owner": "NixOS",
        "ref": "nixpkgs-unstable",
        "repo": "nixpkgs",
        "type": "github"
      }
    },
    "root": {
      "inputs": {
        "nixpkgs": "nixpkgs"
      }
    }
  },
  "root": "root",
  "version": 7
}
