{
  "nodes": {
    "nixpkgs": {
      "locked": {
        "lastModified": 1618587490,
        "narHash": "sha256-NnTlWVB7S8j1YXvzLMs6EUPWnYgw6Lz2IP24VGH0fTQ=",
        "owner": "NixOS",
        "repo": "nixpkgs",
        "rev": "f0efbe21f9ae1e17d1aca922708f1bdef605039d",
        "type": "github"
      },
      "original": {
        "owner": "NixOS",
        "ref": "nixpkgs-unstable",
        "repo": "nixpkgs",
        "type": "github"
      }
    },
    "root": {
      "inputs": {
        "nixpkgs": "nixpkgs"
      }
    }
  },
  "root": "root",
  "version": 7
}
